# This file is automatically @generated by Cargo.
# It is not intended for manual editing.
version = 3

[[package]]
name = "base64"
version = "0.21.2"
source = "registry+https://github.com/rust-lang/crates.io-index"
checksum = "604178f6c5c21f02dc555784810edfb88d34ac2c73b2eae109655649ee73ce3d"

[[package]]
name = "intbin"
version = "0.0.5"
source = "registry+https://github.com/rust-lang/crates.io-index"
checksum = "f7d0cd59142d2aec41e99627d7cf01f99af8599b286b1e02fdce8b926dff655e"

[[package]]
name = "ub64"
version = "0.0.8"
dependencies = [
 "base64",
 "intbin",
 "vbyte",
]

[[package]]
name = "vbyte"
version = "0.1.0"
source = "registry+https://github.com/rust-lang/crates.io-index"
checksum = "a3a2d5a99b98f4bd3d8a440886e730b3096df43f798bd3a785db1019729c02d0"
